// !$*UTF8*$!
{
	archiveVersion = 1;
	classes = {
	};
	objectVersion = 48;
	objects = {

/* Begin PBXBuildFile section */
		1F0598851FE0DC6100047D7A /* GeneralPattonTests.m in Sources */ = {isa = PBXBuildFile; fileRef = 1F0598841FE0DC6100047D7A /* GeneralPattonTests.m */; };
		1F0598901FE0DC6200047D7A /* GeneralPattonUITests.m in Sources */ = {isa = PBXBuildFile; fileRef = 1F05988F1FE0DC6200047D7A /* GeneralPattonUITests.m */; };
		1F4144331FF2374500A5D474 /* AppDelegate.m in Sources */ = {isa = PBXBuildFile; fileRef = 1F4144321FF2374500A5D474 /* AppDelegate.m */; };
		1F41443A1FF237A900A5D474 /* Assets.xcassets in Resources */ = {isa = PBXBuildFile; fileRef = 1F4144351FF237A900A5D474 /* Assets.xcassets */; };
		1F41443B1FF237A900A5D474 /* LaunchScreen.storyboard in Resources */ = {isa = PBXBuildFile; fileRef = 1F4144361FF237A900A5D474 /* LaunchScreen.storyboard */; };
		1F41443C1FF237A900A5D474 /* main.m in Sources */ = {isa = PBXBuildFile; fileRef = 1F4144381FF237A900A5D474 /* main.m */; };
		1F41443D1FF237A900A5D474 /* Info.plist in Resources */ = {isa = PBXBuildFile; fileRef = 1F4144391FF237A900A5D474 /* Info.plist */; };
		1F4144441FF2383000A5D474 /* GPViewController.m in Sources */ = {isa = PBXBuildFile; fileRef = 1F4144411FF2382F00A5D474 /* GPViewController.m */; };
		1F4144471FF238C700A5D474 /* UIColor+GPColor.m in Sources */ = {isa = PBXBuildFile; fileRef = 1F4144461FF238C700A5D474 /* UIColor+GPColor.m */; };
		1F41444A1FF23B2A00A5D474 /* UIColor+JLColor.m in Sources */ = {isa = PBXBuildFile; fileRef = 1F4144491FF23B2A00A5D474 /* UIColor+JLColor.m */; };
		1F41444E1FF2509D00A5D474 /* GPBaseVC.m in Sources */ = {isa = PBXBuildFile; fileRef = 1F41444D1FF2509D00A5D474 /* GPBaseVC.m */; };
		1F4144521FF2515B00A5D474 /* GPMainTabBarController.m in Sources */ = {isa = PBXBuildFile; fileRef = 1F4144511FF2515B00A5D474 /* GPMainTabBarController.m */; };
		31AC56C23BE4F03168FC1F05 /* libPods-GeneralPatton.a in Frameworks */ = {isa = PBXBuildFile; fileRef = FFF199A9E14ABE9418F0C898 /* libPods-GeneralPatton.a */; };
/* End PBXBuildFile section */

/* Begin PBXContainerItemProxy section */
		1F0598811FE0DC6100047D7A /* PBXContainerItemProxy */ = {
			isa = PBXContainerItemProxy;
			containerPortal = 1F0598601FE0DC6100047D7A /* Project object */;
			proxyType = 1;
			remoteGlobalIDString = 1F0598671FE0DC6100047D7A;
			remoteInfo = GeneralPatton;
		};
		1F05988C1FE0DC6200047D7A /* PBXContainerItemProxy */ = {
			isa = PBXContainerItemProxy;
			containerPortal = 1F0598601FE0DC6100047D7A /* Project object */;
			proxyType = 1;
			remoteGlobalIDString = 1F0598671FE0DC6100047D7A;
			remoteInfo = GeneralPatton;
		};
/* End PBXContainerItemProxy section */

/* Begin PBXFileReference section */
		1F0598681FE0DC6100047D7A /* GeneralPatton.app */ = {isa = PBXFileReference; explicitFileType = wrapper.application; includeInIndex = 0; path = GeneralPatton.app; sourceTree = BUILT_PRODUCTS_DIR; };
		1F0598801FE0DC6100047D7A /* GeneralPattonTests.xctest */ = {isa = PBXFileReference; explicitFileType = wrapper.cfbundle; includeInIndex = 0; path = GeneralPattonTests.xctest; sourceTree = BUILT_PRODUCTS_DIR; };
		1F0598841FE0DC6100047D7A /* GeneralPattonTests.m */ = {isa = PBXFileReference; lastKnownFileType = sourcecode.c.objc; path = GeneralPattonTests.m; sourceTree = "<group>"; };
		1F0598861FE0DC6100047D7A /* Info.plist */ = {isa = PBXFileReference; lastKnownFileType = text.plist.xml; path = Info.plist; sourceTree = "<group>"; };
		1F05988B1FE0DC6200047D7A /* GeneralPattonUITests.xctest */ = {isa = PBXFileReference; explicitFileType = wrapper.cfbundle; includeInIndex = 0; path = GeneralPattonUITests.xctest; sourceTree = BUILT_PRODUCTS_DIR; };
		1F05988F1FE0DC6200047D7A /* GeneralPattonUITests.m */ = {isa = PBXFileReference; lastKnownFileType = sourcecode.c.objc; path = GeneralPattonUITests.m; sourceTree = "<group>"; };
		1F0598911FE0DC6200047D7A /* Info.plist */ = {isa = PBXFileReference; lastKnownFileType = text.plist.xml; path = Info.plist; sourceTree = "<group>"; };
		1F4144311FF2374500A5D474 /* AppDelegate.h */ = {isa = PBXFileReference; fileEncoding = 4; lastKnownFileType = sourcecode.c.h; path = AppDelegate.h; sourceTree = "<group>"; };
		1F4144321FF2374500A5D474 /* AppDelegate.m */ = {isa = PBXFileReference; fileEncoding = 4; lastKnownFileType = sourcecode.c.objc; path = AppDelegate.m; sourceTree = "<group>"; };
		1F4144351FF237A900A5D474 /* Assets.xcassets */ = {isa = PBXFileReference; lastKnownFileType = folder.assetcatalog; path = Assets.xcassets; sourceTree = "<group>"; };
		1F4144371FF237A900A5D474 /* Base */ = {isa = PBXFileReference; lastKnownFileType = file.storyboard; name = Base; path = Base.lproj/LaunchScreen.storyboard; sourceTree = "<group>"; };
		1F4144381FF237A900A5D474 /* main.m */ = {isa = PBXFileReference; fileEncoding = 4; lastKnownFileType = sourcecode.c.objc; path = main.m; sourceTree = "<group>"; };
		1F4144391FF237A900A5D474 /* Info.plist */ = {isa = PBXFileReference; fileEncoding = 4; lastKnownFileType = text.plist.xml; path = Info.plist; sourceTree = "<group>"; };
		1F4144401FF2382F00A5D474 /* GPViewController.h */ = {isa = PBXFileReference; fileEncoding = 4; lastKnownFileType = sourcecode.c.h; path = GPViewController.h; sourceTree = "<group>"; };
		1F4144411FF2382F00A5D474 /* GPViewController.m */ = {isa = PBXFileReference; fileEncoding = 4; lastKnownFileType = sourcecode.c.objc; path = GPViewController.m; sourceTree = "<group>"; };
		1F4144451FF238C700A5D474 /* UIColor+GPColor.h */ = {isa = PBXFileReference; lastKnownFileType = sourcecode.c.h; path = "UIColor+GPColor.h"; sourceTree = "<group>"; };
		1F4144461FF238C700A5D474 /* UIColor+GPColor.m */ = {isa = PBXFileReference; lastKnownFileType = sourcecode.c.objc; path = "UIColor+GPColor.m"; sourceTree = "<group>"; };
		1F4144481FF23B2A00A5D474 /* UIColor+JLColor.h */ = {isa = PBXFileReference; lastKnownFileType = sourcecode.c.h; path = "UIColor+JLColor.h"; sourceTree = "<group>"; };
		1F4144491FF23B2A00A5D474 /* UIColor+JLColor.m */ = {isa = PBXFileReference; lastKnownFileType = sourcecode.c.objc; path = "UIColor+JLColor.m"; sourceTree = "<group>"; };
		1F41444C1FF2509D00A5D474 /* GPBaseVC.h */ = {isa = PBXFileReference; fileEncoding = 4; lastKnownFileType = sourcecode.c.h; path = GPBaseVC.h; sourceTree = "<group>"; };
		1F41444D1FF2509D00A5D474 /* GPBaseVC.m */ = {isa = PBXFileReference; fileEncoding = 4; lastKnownFileType = sourcecode.c.objc; path = GPBaseVC.m; sourceTree = "<group>"; };
		1F4144501FF2515B00A5D474 /* GPMainTabBarController.h */ = {isa = PBXFileReference; lastKnownFileType = sourcecode.c.h; path = GPMainTabBarController.h; sourceTree = "<group>"; };
		1F4144511FF2515B00A5D474 /* GPMainTabBarController.m */ = {isa = PBXFileReference; lastKnownFileType = sourcecode.c.objc; path = GPMainTabBarController.m; sourceTree = "<group>"; };
		1F4144531FF34A7D00A5D474 /* PrefixHeader.pch */ = {isa = PBXFileReference; lastKnownFileType = sourcecode.c.h; path = PrefixHeader.pch; sourceTree = "<group>"; };
		21190AA3E3B307CE2AE069ED /* Pods-GeneralPatton.debug.xcconfig */ = {isa = PBXFileReference; includeInIndex = 1; lastKnownFileType = text.xcconfig; name = "Pods-GeneralPatton.debug.xcconfig"; path = "Pods/Target Support Files/Pods-GeneralPatton/Pods-GeneralPatton.debug.xcconfig"; sourceTree = "<group>"; };
		CA8F39D5CB1CB60A73AF22A5 /* Pods-GeneralPatton.release.xcconfig */ = {isa = PBXFileReference; includeInIndex = 1; lastKnownFileType = text.xcconfig; name = "Pods-GeneralPatton.release.xcconfig"; path = "Pods/Target Support Files/Pods-GeneralPatton/Pods-GeneralPatton.release.xcconfig"; sourceTree = "<group>"; };
		FFF199A9E14ABE9418F0C898 /* libPods-GeneralPatton.a */ = {isa = PBXFileReference; explicitFileType = archive.ar; includeInIndex = 0; path = "libPods-GeneralPatton.a"; sourceTree = BUILT_PRODUCTS_DIR; };
/* End PBXFileReference section */

/* Begin PBXFrameworksBuildPhase section */
		1F0598651FE0DC6100047D7A /* Frameworks */ = {
			isa = PBXFrameworksBuildPhase;
			buildActionMask = 2147483647;
			files = (
				31AC56C23BE4F03168FC1F05 /* libPods-GeneralPatton.a in Frameworks */,
			);
			runOnlyForDeploymentPostprocessing = 0;
		};
		1F05987D1FE0DC6100047D7A /* Frameworks */ = {
			isa = PBXFrameworksBuildPhase;
			buildActionMask = 2147483647;
			files = (
			);
			runOnlyForDeploymentPostprocessing = 0;
		};
		1F0598881FE0DC6200047D7A /* Frameworks */ = {
			isa = PBXFrameworksBuildPhase;
			buildActionMask = 2147483647;
			files = (
			);
			runOnlyForDeploymentPostprocessing = 0;
		};
/* End PBXFrameworksBuildPhase section */

/* Begin PBXGroup section */
		1F05985F1FE0DC6100047D7A = {
			isa = PBXGroup;
			children = (
				1F05986A1FE0DC6100047D7A /* GeneralPatton */,
				1F0598831FE0DC6100047D7A /* GeneralPattonTests */,
				1F05988E1FE0DC6200047D7A /* GeneralPattonUITests */,
				1F0598691FE0DC6100047D7A /* Products */,
				629B4F8614ADA8F3BF1C6E84 /* Pods */,
				8F48FBE302A28FBE8DE8BBCD /* Frameworks */,
			);
			sourceTree = "<group>";
		};
		1F0598691FE0DC6100047D7A /* Products */ = {
			isa = PBXGroup;
			children = (
				1F0598681FE0DC6100047D7A /* GeneralPatton.app */,
				1F0598801FE0DC6100047D7A /* GeneralPattonTests.xctest */,
				1F05988B1FE0DC6200047D7A /* GeneralPattonUITests.xctest */,
			);
			name = Products;
			sourceTree = "<group>";
		};
		1F05986A1FE0DC6100047D7A /* GeneralPatton */ = {
			isa = PBXGroup;
			children = (
				1F4144301FF2374500A5D474 /* AppDelegate */,
				1F41443E1FF2382F00A5D474 /* Modules */,
				1F41442E1FF2373E00A5D474 /* Common */,
				1F4144341FF237A900A5D474 /* SupporttingFiles */,
			);
			path = GeneralPatton;
			sourceTree = "<group>";
		};
		1F0598831FE0DC6100047D7A /* GeneralPattonTests */ = {
			isa = PBXGroup;
			children = (
				1F0598841FE0DC6100047D7A /* GeneralPattonTests.m */,
				1F0598861FE0DC6100047D7A /* Info.plist */,
			);
			path = GeneralPattonTests;
			sourceTree = "<group>";
		};
		1F05988E1FE0DC6200047D7A /* GeneralPattonUITests */ = {
			isa = PBXGroup;
			children = (
				1F05988F1FE0DC6200047D7A /* GeneralPattonUITests.m */,
				1F0598911FE0DC6200047D7A /* Info.plist */,
			);
			path = GeneralPattonUITests;
			sourceTree = "<group>";
		};
		1F41442E1FF2373E00A5D474 /* Common */ = {
			isa = PBXGroup;
			children = (
				1F41444B1FF2505E00A5D474 /* BaseClass */,
				1F41442F1FF2373E00A5D474 /* Category */,
			);
			path = Common;
			sourceTree = "<group>";
		};
		1F41442F1FF2373E00A5D474 /* Category */ = {
			isa = PBXGroup;
			children = (
				1F4144451FF238C700A5D474 /* UIColor+GPColor.h */,
				1F4144461FF238C700A5D474 /* UIColor+GPColor.m */,
				1F4144481FF23B2A00A5D474 /* UIColor+JLColor.h */,
				1F4144491FF23B2A00A5D474 /* UIColor+JLColor.m */,
			);
			path = Category;
			sourceTree = "<group>";
		};
		1F4144301FF2374500A5D474 /* AppDelegate */ = {
			isa = PBXGroup;
			children = (
				1F4144311FF2374500A5D474 /* AppDelegate.h */,
				1F4144321FF2374500A5D474 /* AppDelegate.m */,
			);
			path = AppDelegate;
			sourceTree = "<group>";
		};
		1F4144341FF237A900A5D474 /* SupporttingFiles */ = {
			isa = PBXGroup;
			children = (
				1F4144351FF237A900A5D474 /* Assets.xcassets */,
				1F4144531FF34A7D00A5D474 /* PrefixHeader.pch */,
				1F4144361FF237A900A5D474 /* LaunchScreen.storyboard */,
				1F4144381FF237A900A5D474 /* main.m */,
				1F4144391FF237A900A5D474 /* Info.plist */,
			);
			path = SupporttingFiles;
			sourceTree = "<group>";
		};
		1F41443E1FF2382F00A5D474 /* Modules */ = {
			isa = PBXGroup;
			children = (
				1F41444F1FF2510000A5D474 /* MainTab */,
				1F4144401FF2382F00A5D474 /* GPViewController.h */,
				1F4144411FF2382F00A5D474 /* GPViewController.m */,
			);
			path = Modules;
			sourceTree = "<group>";
		};
		1F41444B1FF2505E00A5D474 /* BaseClass */ = {
			isa = PBXGroup;
			children = (
				1F41444C1FF2509D00A5D474 /* GPBaseVC.h */,
				1F41444D1FF2509D00A5D474 /* GPBaseVC.m */,
			);
			path = BaseClass;
			sourceTree = "<group>";
		};
		1F41444F1FF2510000A5D474 /* MainTab */ = {
			isa = PBXGroup;
			children = (
				1F4144501FF2515B00A5D474 /* GPMainTabBarController.h */,
				1F4144511FF2515B00A5D474 /* GPMainTabBarController.m */,
			);
			path = MainTab;
			sourceTree = "<group>";
		};
		629B4F8614ADA8F3BF1C6E84 /* Pods */ = {
			isa = PBXGroup;
			children = (
				21190AA3E3B307CE2AE069ED /* Pods-GeneralPatton.debug.xcconfig */,
				CA8F39D5CB1CB60A73AF22A5 /* Pods-GeneralPatton.release.xcconfig */,
			);
			name = Pods;
			sourceTree = "<group>";
		};
		8F48FBE302A28FBE8DE8BBCD /* Frameworks */ = {
			isa = PBXGroup;
			children = (
				FFF199A9E14ABE9418F0C898 /* libPods-GeneralPatton.a */,
			);
			name = Frameworks;
			sourceTree = "<group>";
		};
/* End PBXGroup section */

/* Begin PBXNativeTarget section */
		1F0598671FE0DC6100047D7A /* GeneralPatton */ = {
			isa = PBXNativeTarget;
			buildConfigurationList = 1F0598941FE0DC6200047D7A /* Build configuration list for PBXNativeTarget "GeneralPatton" */;
			buildPhases = (
				EE7E8081667B1C68CC3283AF /* [CP] Check Pods Manifest.lock */,
				1F0598641FE0DC6100047D7A /* Sources */,
				1F0598651FE0DC6100047D7A /* Frameworks */,
				1F0598661FE0DC6100047D7A /* Resources */,
				7F6F7BD21F63C699C84005D4 /* [CP] Embed Pods Frameworks */,
				68BB5D0B269C98ECABEFD054 /* [CP] Copy Pods Resources */,
			);
			buildRules = (
			);
			dependencies = (
			);
			name = GeneralPatton;
			productName = GeneralPatton;
			productReference = 1F0598681FE0DC6100047D7A /* GeneralPatton.app */;
			productType = "com.apple.product-type.application";
		};
		1F05987F1FE0DC6100047D7A /* GeneralPattonTests */ = {
			isa = PBXNativeTarget;
			buildConfigurationList = 1F0598971FE0DC6200047D7A /* Build configuration list for PBXNativeTarget "GeneralPattonTests" */;
			buildPhases = (
				1F05987C1FE0DC6100047D7A /* Sources */,
				1F05987D1FE0DC6100047D7A /* Frameworks */,
				1F05987E1FE0DC6100047D7A /* Resources */,
			);
			buildRules = (
			);
			dependencies = (
				1F0598821FE0DC6100047D7A /* PBXTargetDependency */,
			);
			name = GeneralPattonTests;
			productName = GeneralPattonTests;
			productReference = 1F0598801FE0DC6100047D7A /* GeneralPattonTests.xctest */;
			productType = "com.apple.product-type.bundle.unit-test";
		};
		1F05988A1FE0DC6200047D7A /* GeneralPattonUITests */ = {
			isa = PBXNativeTarget;
			buildConfigurationList = 1F05989A1FE0DC6200047D7A /* Build configuration list for PBXNativeTarget "GeneralPattonUITests" */;
			buildPhases = (
				1F0598871FE0DC6200047D7A /* Sources */,
				1F0598881FE0DC6200047D7A /* Frameworks */,
				1F0598891FE0DC6200047D7A /* Resources */,
			);
			buildRules = (
			);
			dependencies = (
				1F05988D1FE0DC6200047D7A /* PBXTargetDependency */,
			);
			name = GeneralPattonUITests;
			productName = GeneralPattonUITests;
			productReference = 1F05988B1FE0DC6200047D7A /* GeneralPattonUITests.xctest */;
			productType = "com.apple.product-type.bundle.ui-testing";
		};
/* End PBXNativeTarget section */

/* Begin PBXProject section */
		1F0598601FE0DC6100047D7A /* Project object */ = {
			isa = PBXProject;
			attributes = {
				LastUpgradeCheck = 0910;
				ORGANIZATIONNAME = shijialong;
				TargetAttributes = {
					1F0598671FE0DC6100047D7A = {
						CreatedOnToolsVersion = 9.1;
						ProvisioningStyle = Automatic;
					};
					1F05987F1FE0DC6100047D7A = {
						CreatedOnToolsVersion = 9.1;
						ProvisioningStyle = Automatic;
						TestTargetID = 1F0598671FE0DC6100047D7A;
					};
					1F05988A1FE0DC6200047D7A = {
						CreatedOnToolsVersion = 9.1;
						ProvisioningStyle = Automatic;
						TestTargetID = 1F0598671FE0DC6100047D7A;
					};
				};
			};
			buildConfigurationList = 1F0598631FE0DC6100047D7A /* Build configuration list for PBXProject "GeneralPatton" */;
			compatibilityVersion = "Xcode 8.0";
			developmentRegion = en;
			hasScannedForEncodings = 0;
			knownRegions = (
				en,
				Base,
			);
			mainGroup = 1F05985F1FE0DC6100047D7A;
			productRefGroup = 1F0598691FE0DC6100047D7A /* Products */;
			projectDirPath = "";
			projectRoot = "";
			targets = (
				1F0598671FE0DC6100047D7A /* GeneralPatton */,
				1F05987F1FE0DC6100047D7A /* GeneralPattonTests */,
				1F05988A1FE0DC6200047D7A /* GeneralPattonUITests */,
			);
		};
/* End PBXProject section */

/* Begin PBXResourcesBuildPhase section */
		1F0598661FE0DC6100047D7A /* Resources */ = {
			isa = PBXResourcesBuildPhase;
			buildActionMask = 2147483647;
			files = (
				1F41443B1FF237A900A5D474 /* LaunchScreen.storyboard in Resources */,
				1F41443A1FF237A900A5D474 /* Assets.xcassets in Resources */,
				1F41443D1FF237A900A5D474 /* Info.plist in Resources */,
			);
			runOnlyForDeploymentPostprocessing = 0;
		};
		1F05987E1FE0DC6100047D7A /* Resources */ = {
			isa = PBXResourcesBuildPhase;
			buildActionMask = 2147483647;
			files = (
			);
			runOnlyForDeploymentPostprocessing = 0;
		};
		1F0598891FE0DC6200047D7A /* Resources */ = {
			isa = PBXResourcesBuildPhase;
			buildActionMask = 2147483647;
			files = (
			);
			runOnlyForDeploymentPostprocessing = 0;
		};
/* End PBXResourcesBuildPhase section */

/* Begin PBXShellScriptBuildPhase section */
		68BB5D0B269C98ECABEFD054 /* [CP] Copy Pods Resources */ = {
			isa = PBXShellScriptBuildPhase;
			buildActionMask = 2147483647;
			files = (
			);
			inputPaths = (
			);
			name = "[CP] Copy Pods Resources";
			outputPaths = (
			);
			runOnlyForDeploymentPostprocessing = 0;
			shellPath = /bin/sh;
			shellScript = "\"${SRCROOT}/Pods/Target Support Files/Pods-GeneralPatton/Pods-GeneralPatton-resources.sh\"\n";
			showEnvVarsInLog = 0;
		};
		7F6F7BD21F63C699C84005D4 /* [CP] Embed Pods Frameworks */ = {
			isa = PBXShellScriptBuildPhase;
			buildActionMask = 2147483647;
			files = (
			);
			inputPaths = (
			);
			name = "[CP] Embed Pods Frameworks";
			outputPaths = (
			);
			runOnlyForDeploymentPostprocessing = 0;
			shellPath = /bin/sh;
			shellScript = "\"${SRCROOT}/Pods/Target Support Files/Pods-GeneralPatton/Pods-GeneralPatton-frameworks.sh\"\n";
			showEnvVarsInLog = 0;
		};
		EE7E8081667B1C68CC3283AF /* [CP] Check Pods Manifest.lock */ = {
			isa = PBXShellScriptBuildPhase;
			buildActionMask = 2147483647;
			files = (
			);
			inputPaths = (
				"${PODS_PODFILE_DIR_PATH}/Podfile.lock",
				"${PODS_ROOT}/Manifest.lock",
			);
			name = "[CP] Check Pods Manifest.lock";
			outputPaths = (
				"$(DERIVED_FILE_DIR)/Pods-GeneralPatton-checkManifestLockResult.txt",
			);
			runOnlyForDeploymentPostprocessing = 0;
			shellPath = /bin/sh;
			shellScript = "diff \"${PODS_PODFILE_DIR_PATH}/Podfile.lock\" \"${PODS_ROOT}/Manifest.lock\" > /dev/null\nif [ $? != 0 ] ; then\n    # print error to STDERR\n    echo \"error: The sandbox is not in sync with the Podfile.lock. Run 'pod install' or update your CocoaPods installation.\" >&2\n    exit 1\nfi\n# This output is used by Xcode 'outputs' to avoid re-running this script phase.\necho \"SUCCESS\" > \"${SCRIPT_OUTPUT_FILE_0}\"\n";
			showEnvVarsInLog = 0;
		};
/* End PBXShellScriptBuildPhase section */

/* Begin PBXSourcesBuildPhase section */
		1F0598641FE0DC6100047D7A /* Sources */ = {
			isa = PBXSourcesBuildPhase;
			buildActionMask = 2147483647;
			files = (
				1F4144521FF2515B00A5D474 /* GPMainTabBarController.m in Sources */,
				1F41443C1FF237A900A5D474 /* main.m in Sources */,
				1F4144441FF2383000A5D474 /* GPViewController.m in Sources */,
				1F41444E1FF2509D00A5D474 /* GPBaseVC.m in Sources */,
				1F4144471FF238C700A5D474 /* UIColor+GPColor.m in Sources */,
				1F4144331FF2374500A5D474 /* AppDelegate.m in Sources */,
				1F41444A1FF23B2A00A5D474 /* UIColor+JLColor.m in Sources */,
			);
			runOnlyForDeploymentPostprocessing = 0;
		};
		1F05987C1FE0DC6100047D7A /* Sources */ = {
			isa = PBXSourcesBuildPhase;
			buildActionMask = 2147483647;
			files = (
				1F0598851FE0DC6100047D7A /* GeneralPattonTests.m in Sources */,
			);
			runOnlyForDeploymentPostprocessing = 0;
		};
		1F0598871FE0DC6200047D7A /* Sources */ = {
			isa = PBXSourcesBuildPhase;
			buildActionMask = 2147483647;
			files = (
				1F0598901FE0DC6200047D7A /* GeneralPattonUITests.m in Sources */,
			);
			runOnlyForDeploymentPostprocessing = 0;
		};
/* End PBXSourcesBuildPhase section */

/* Begin PBXTargetDependency section */
		1F0598821FE0DC6100047D7A /* PBXTargetDependency */ = {
			isa = PBXTargetDependency;
			target = 1F0598671FE0DC6100047D7A /* GeneralPatton */;
			targetProxy = 1F0598811FE0DC6100047D7A /* PBXContainerItemProxy */;
		};
		1F05988D1FE0DC6200047D7A /* PBXTargetDependency */ = {
			isa = PBXTargetDependency;
			target = 1F0598671FE0DC6100047D7A /* GeneralPatton */;
			targetProxy = 1F05988C1FE0DC6200047D7A /* PBXContainerItemProxy */;
		};
/* End PBXTargetDependency section */

/* Begin PBXVariantGroup section */
		1F4144361FF237A900A5D474 /* LaunchScreen.storyboard */ = {
			isa = PBXVariantGroup;
			children = (
				1F4144371FF237A900A5D474 /* Base */,
			);
			name = LaunchScreen.storyboard;
			sourceTree = "<group>";
		};
/* End PBXVariantGroup section */

/* Begin XCBuildConfiguration section */
		1F0598921FE0DC6200047D7A /* Debug */ = {
			isa = XCBuildConfiguration;
			buildSettings = {
				ALWAYS_SEARCH_USER_PATHS = NO;
				CLANG_ANALYZER_NONNULL = YES;
				CLANG_ANALYZER_NUMBER_OBJECT_CONVERSION = YES_AGGRESSIVE;
				CLANG_CXX_LANGUAGE_STANDARD = "gnu++14";
				CLANG_CXX_LIBRARY = "libc++";
				CLANG_ENABLE_MODULES = YES;
				CLANG_ENABLE_OBJC_ARC = YES;
				CLANG_WARN_BLOCK_CAPTURE_AUTORELEASING = YES;
				CLANG_WARN_BOOL_CONVERSION = YES;
				CLANG_WARN_COMMA = YES;
				CLANG_WARN_CONSTANT_CONVERSION = YES;
				CLANG_WARN_DIRECT_OBJC_ISA_USAGE = YES_ERROR;
				CLANG_WARN_DOCUMENTATION_COMMENTS = YES;
				CLANG_WARN_EMPTY_BODY = YES;
				CLANG_WARN_ENUM_CONVERSION = YES;
				CLANG_WARN_INFINITE_RECURSION = YES;
				CLANG_WARN_INT_CONVERSION = YES;
				CLANG_WARN_NON_LITERAL_NULL_CONVERSION = YES;
				CLANG_WARN_OBJC_LITERAL_CONVERSION = YES;
				CLANG_WARN_OBJC_ROOT_CLASS = YES_ERROR;
				CLANG_WARN_RANGE_LOOP_ANALYSIS = YES;
				CLANG_WARN_STRICT_PROTOTYPES = YES;
				CLANG_WARN_SUSPICIOUS_MOVE = YES;
				CLANG_WARN_UNGUARDED_AVAILABILITY = YES_AGGRESSIVE;
				CLANG_WARN_UNREACHABLE_CODE = YES;
				CLANG_WARN__DUPLICATE_METHOD_MATCH = YES;
				CODE_SIGN_IDENTITY = "iPhone Developer";
				COPY_PHASE_STRIP = NO;
				DEBUG_INFORMATION_FORMAT = dwarf;
				ENABLE_STRICT_OBJC_MSGSEND = YES;
				ENABLE_TESTABILITY = YES;
				GCC_C_LANGUAGE_STANDARD = gnu11;
				GCC_DYNAMIC_NO_PIC = NO;
				GCC_NO_COMMON_BLOCKS = YES;
				GCC_OPTIMIZATION_LEVEL = 0;
				GCC_PREPROCESSOR_DEFINITIONS = (
					"DEBUG=1",
					"$(inherited)",
				);
				GCC_WARN_64_TO_32_BIT_CONVERSION = YES;
				GCC_WARN_ABOUT_RETURN_TYPE = YES_ERROR;
				GCC_WARN_UNDECLARED_SELECTOR = YES;
				GCC_WARN_UNINITIALIZED_AUTOS = YES_AGGRESSIVE;
				GCC_WARN_UNUSED_FUNCTION = YES;
				GCC_WARN_UNUSED_VARIABLE = YES;
				IPHONEOS_DEPLOYMENT_TARGET = 11.1;
				MTL_ENABLE_DEBUG_INFO = YES;
				ONLY_ACTIVE_ARCH = YES;
				SDKROOT = iphoneos;
			};
			name = Debug;
		};
		1F0598931FE0DC6200047D7A /* Release */ = {
			isa = XCBuildConfiguration;
			buildSettings = {
				ALWAYS_SEARCH_USER_PATHS = NO;
				CLANG_ANALYZER_NONNULL = YES;
				CLANG_ANALYZER_NUMBER_OBJECT_CONVERSION = YES_AGGRESSIVE;
				CLANG_CXX_LANGUAGE_STANDARD = "gnu++14";
				CLANG_CXX_LIBRARY = "libc++";
				CLANG_ENABLE_MODULES = YES;
				CLANG_ENABLE_OBJC_ARC = YES;
				CLANG_WARN_BLOCK_CAPTURE_AUTORELEASING = YES;
				CLANG_WARN_BOOL_CONVERSION = YES;
				CLANG_WARN_COMMA = YES;
				CLANG_WARN_CONSTANT_CONVERSION = YES;
				CLANG_WARN_DIRECT_OBJC_ISA_USAGE = YES_ERROR;
				CLANG_WARN_DOCUMENTATION_COMMENTS = YES;
				CLANG_WARN_EMPTY_BODY = YES;
				CLANG_WARN_ENUM_CONVERSION = YES;
				CLANG_WARN_INFINITE_RECURSION = YES;
				CLANG_WARN_INT_CONVERSION = YES;
				CLANG_WARN_NON_LITERAL_NULL_CONVERSION = YES;
				CLANG_WARN_OBJC_LITERAL_CONVERSION = YES;
				CLANG_WARN_OBJC_ROOT_CLASS = YES_ERROR;
				CLANG_WARN_RANGE_LOOP_ANALYSIS = YES;
				CLANG_WARN_STRICT_PROTOTYPES = YES;
				CLANG_WARN_SUSPICIOUS_MOVE = YES;
				CLANG_WARN_UNGUARDED_AVAILABILITY = YES_AGGRESSIVE;
				CLANG_WARN_UNREACHABLE_CODE = YES;
				CLANG_WARN__DUPLICATE_METHOD_MATCH = YES;
				CODE_SIGN_IDENTITY = "iPhone Developer";
				COPY_PHASE_STRIP = NO;
				DEBUG_INFORMATION_FORMAT = "dwarf-with-dsym";
				ENABLE_NS_ASSERTIONS = NO;
				ENABLE_STRICT_OBJC_MSGSEND = YES;
				GCC_C_LANGUAGE_STANDARD = gnu11;
				GCC_NO_COMMON_BLOCKS = YES;
				GCC_WARN_64_TO_32_BIT_CONVERSION = YES;
				GCC_WARN_ABOUT_RETURN_TYPE = YES_ERROR;
				GCC_WARN_UNDECLARED_SELECTOR = YES;
				GCC_WARN_UNINITIALIZED_AUTOS = YES_AGGRESSIVE;
				GCC_WARN_UNUSED_FUNCTION = YES;
				GCC_WARN_UNUSED_VARIABLE = YES;
				IPHONEOS_DEPLOYMENT_TARGET = 11.1;
				MTL_ENABLE_DEBUG_INFO = NO;
				SDKROOT = iphoneos;
				VALIDATE_PRODUCT = YES;
			};
			name = Release;
		};
		1F0598951FE0DC6200047D7A /* Debug */ = {
			isa = XCBuildConfiguration;
			baseConfigurationReference = 21190AA3E3B307CE2AE069ED /* Pods-GeneralPatton.debug.xcconfig */;
			buildSettings = {
				ASSETCATALOG_COMPILER_APPICON_NAME = AppIcon;
				CODE_SIGN_STYLE = Automatic;
				GCC_PREFIX_HEADER = /Users/sjl/WorkSpace/GeneralPatton/GeneralPatton/SupporttingFiles/PrefixHeader.pch;
				INFOPLIST_FILE = "$(SRCROOT)/GeneralPatton/SupporttingFiles/Info.plist";
				LD_RUNPATH_SEARCH_PATHS = "$(inherited) @executable_path/Frameworks";
				PRODUCT_BUNDLE_IDENTIFIER = shijialong.GeneralPatton;
				PRODUCT_NAME = "$(TARGET_NAME)";
				TARGETED_DEVICE_FAMILY = "1,2";
			};
			name = Debug;
		};
		1F0598961FE0DC6200047D7A /* Release */ = {
			isa = XCBuildConfiguration;
			baseConfigurationReference = CA8F39D5CB1CB60A73AF22A5 /* Pods-GeneralPatton.release.xcconfig */;
			buildSettings = {
				ASSETCATALOG_COMPILER_APPICON_NAME = AppIcon;
				CODE_SIGN_STYLE = Automatic;
				GCC_PREFIX_HEADER = /Users/sjl/WorkSpace/GeneralPatton/GeneralPatton/SupporttingFiles/PrefixHeader.pch;
				INFOPLIST_FILE = "$(SRCROOT)/GeneralPatton/SupporttingFiles/Info.plist";
				LD_RUNPATH_SEARCH_PATHS = "$(inherited) @executable_path/Frameworks";
				PRODUCT_BUNDLE_IDENTIFIER = shijialong.GeneralPatton;
				PRODUCT_NAME = "$(TARGET_NAME)";
				TARGETED_DEVICE_FAMILY = "1,2";
			};
			name = Release;
		};
		1F0598981FE0DC6200047D7A /* Debug */ = {
			isa = XCBuildConfiguration;
			buildSettings = {
				BUNDLE_LOADER = "$(TEST_HOST)";
				CODE_SIGN_STYLE = Automatic;
				INFOPLIST_FILE = GeneralPattonTests/Info.plist;
				LD_RUNPATH_SEARCH_PATHS = "$(inherited) @executable_path/Frameworks @loader_path/Frameworks";
				PRODUCT_BUNDLE_IDENTIFIER = shijialong.GeneralPattonTests;
				PRODUCT_NAME = "$(TARGET_NAME)";
				TARGETED_DEVICE_FAMILY = "1,2";
				TEST_HOST = "$(BUILT_PRODUCTS_DIR)/GeneralPatton.app/GeneralPatton";
			};
			name = Debug;
		};
		1F0598991FE0DC6200047D7A /* Release */ = {
			isa = XCBuildConfiguration;
			buildSettings = {
				BUNDLE_LOADER = "$(TEST_HOST)";
				CODE_SIGN_STYLE = Automatic;
				INFOPLIST_FILE = GeneralPattonTests/Info.plist;
				LD_RUNPATH_SEARCH_PATHS = "$(inherited) @executable_path/Frameworks @loader_path/Frameworks";
				PRODUCT_BUNDLE_IDENTIFIER = shijialong.GeneralPattonTests;
				PRODUCT_NAME = "$(TARGET_NAME)";
				TARGETED_DEVICE_FAMILY = "1,2";
				TEST_HOST = "$(BUILT_PRODUCTS_DIR)/GeneralPatton.app/GeneralPatton";
			};
			name = Release;
		};
		1F05989B1FE0DC6200047D7A /* Debug */ = {
			isa = XCBuildConfiguration;
			buildSettings = {
				CODE_SIGN_STYLE = Automatic;
				INFOPLIST_FILE = GeneralPattonUITests/Info.plist;
				LD_RUNPATH_SEARCH_PATHS = "$(inherited) @executable_path/Frameworks @loader_path/Frameworks";
				PRODUCT_BUNDLE_IDENTIFIER = shijialong.GeneralPattonUITests;
				PRODUCT_NAME = "$(TARGET_NAME)";
				TARGETED_DEVICE_FAMILY = "1,2";
				TEST_TARGET_NAME = GeneralPatton;
			};
			name = Debug;
		};
		1F05989C1FE0DC6200047D7A /* Release */ = {
			isa = XCBuildConfiguration;
			buildSettings = {
				CODE_SIGN_STYLE = Automatic;
				INFOPLIST_FILE = GeneralPattonUITests/Info.plist;
				LD_RUNPATH_SEARCH_PATHS = "$(inherited) @executable_path/Frameworks @loader_path/Frameworks";
				PRODUCT_BUNDLE_IDENTIFIER = shijialong.GeneralPattonUITests;
				PRODUCT_NAME = "$(TARGET_NAME)";
				TARGETED_DEVICE_FAMILY = "1,2";
				TEST_TARGET_NAME = GeneralPatton;
			};
			name = Release;
		};
/* End XCBuildConfiguration section */

/* Begin XCConfigurationList section */
		1F0598631FE0DC6100047D7A /* Build configuration list for PBXProject "GeneralPatton" */ = {
			isa = XCConfigurationList;
			buildConfigurations = (
				1F0598921FE0DC6200047D7A /* Debug */,
				1F0598931FE0DC6200047D7A /* Release */,
			);
			defaultConfigurationIsVisible = 0;
			defaultConfigurationName = Release;
		};
		1F0598941FE0DC6200047D7A /* Build configuration list for PBXNativeTarget "GeneralPatton" */ = {
			isa = XCConfigurationList;
			buildConfigurations = (
				1F0598951FE0DC6200047D7A /* Debug */,
				1F0598961FE0DC6200047D7A /* Release */,
			);
			defaultConfigurationIsVisible = 0;
			defaultConfigurationName = Release;
		};
		1F0598971FE0DC6200047D7A /* Build configuration list for PBXNativeTarget "GeneralPattonTests" */ = {
			isa = XCConfigurationList;
			buildConfigurations = (
				1F0598981FE0DC6200047D7A /* Debug */,
				1F0598991FE0DC6200047D7A /* Release */,
			);
			defaultConfigurationIsVisible = 0;
			defaultConfigurationName = Release;
		};
		1F05989A1FE0DC6200047D7A /* Build configuration list for PBXNativeTarget "GeneralPattonUITests" */ = {
			isa = XCConfigurationList;
			buildConfigurations = (
				1F05989B1FE0DC6200047D7A /* Debug */,
				1F05989C1FE0DC6200047D7A /* Release */,
			);
			defaultConfigurationIsVisible = 0;
			defaultConfigurationName = Release;
		};
/* End XCConfigurationList section */
	};
	rootObject = 1F0598601FE0DC6100047D7A /* Project object */;
}
